
Microsoft Visual Studio Solution File, Format Version 12.00
# Visual Studio Version 16
VisualStudioVersion = 16.0.30503.244
MinimumVisualStudioVersion = 10.0.40219.1
Project("{FAE04EC0-301F-11D3-BF4B-00C04F79EFBC}") = "DockerSampleCDE3", "DockerSampleCDE3.csproj", "{3E1BB847-1A12-4944-9190-74FBD9934E62}"
EndProject
Global
	GlobalSection(SolutionConfigurationPlatforms) = preSolution
		Debug|Any CPU = Debug|Any CPU
		Release|Any CPU = Release|Any CPU
	EndGlobalSection
	GlobalSection(ProjectConfigurationPlatforms) = postSolution
		{3E1BB847-1A12-4944-9190-74FBD9934E62}.Debug|Any CPU.ActiveCfg = Debug|Any CPU
		{3E1BB847-1A12-4944-9190-74FBD9934E62}.Debug|Any CPU.Build.0 = Debug|Any CPU
		{3E1BB847-1A12-4944-9190-74FBD9934E62}.Release|Any CPU.ActiveCfg = Release|Any CPU
		{3E1BB847-1A12-4944-9190-74FBD9934E62}.Release|Any CPU.Build.0 = Release|Any CPU
	EndGlobalSection
	GlobalSection(SolutionProperties) = preSolution
		HideSolutionNode = FALSE
	EndGlobalSection
	GlobalSection(ExtensibilityGlobals) = postSolution
		SolutionGuid = {9BD7E666-2EFC-4971-A051-5A21187AC8EA}
	EndGlobalSection
EndGlobal
